
Microsoft Visual Studio Solution File, Format Version 12.00
# Visual Studio Version 17
VisualStudioVersion = 17.5.33414.496
MinimumVisualStudioVersion = 10.0.40219.1
Project("{FAE04EC0-301F-11D3-BF4B-00C04F79EFBC}") = "Access", "Access\Access.csproj", "{40C41703-D665-450F-B9F1-7670FD18E556}"
EndProject
Project("{2150E333-8FDC-42A3-9474-1A3956D46DE8}") = "01-Api", "01-Api", "{F0ACEF9D-290A-4EB2-A986-38C715285A14}"
EndProject
Project("{2150E333-8FDC-42A3-9474-1A3956D46DE8}") = "02-Application", "02-Application", "{9150ED73-500C-4537-9F6E-033745712A9D}"
EndProject
Project("{2150E333-8FDC-42A3-9474-1A3956D46DE8}") = "03-Infra", "03-Infra", "{22081FEB-BDED-4E87-B56B-5669DF1BB981}"
EndProject
Project("{2150E333-8FDC-42A3-9474-1A3956D46DE8}") = "04-Test", "04-Test", "{63C871CD-824F-4857-B7B8-928AE31E2203}"
EndProject
Global
	GlobalSection(SolutionConfigurationPlatforms) = preSolution
		Debug|Any CPU = Debug|Any CPU
		Release|Any CPU = Release|Any CPU
	EndGlobalSection
	GlobalSection(ProjectConfigurationPlatforms) = postSolution
		{40C41703-D665-450F-B9F1-7670FD18E556}.Debug|Any CPU.ActiveCfg = Debug|Any CPU
		{40C41703-D665-450F-B9F1-7670FD18E556}.Debug|Any CPU.Build.0 = Debug|Any CPU
		{40C41703-D665-450F-B9F1-7670FD18E556}.Release|Any CPU.ActiveCfg = Release|Any CPU
		{40C41703-D665-450F-B9F1-7670FD18E556}.Release|Any CPU.Build.0 = Release|Any CPU
	EndGlobalSection
	GlobalSection(SolutionProperties) = preSolution
		HideSolutionNode = FALSE
	EndGlobalSection
	GlobalSection(NestedProjects) = preSolution
		{40C41703-D665-450F-B9F1-7670FD18E556} = {F0ACEF9D-290A-4EB2-A986-38C715285A14}
	EndGlobalSection
	GlobalSection(ExtensibilityGlobals) = postSolution
		SolutionGuid = {5B690E9C-D6F0-47F1-99B6-8C2D9571829E}
	EndGlobalSection
EndGlobal
